// !$*UTF8*$!
{
	archiveVersion = 1;
	classes = {
	};
	objectVersion = 46;
	objects = {

/* Begin PBXBuildFile section */
		41333D5A1F64DF4F0077645F /* SwiftyJSON.framework in Frameworks */ = {isa = PBXBuildFile; fileRef = 41333D591F64DF4F0077645F /* SwiftyJSON.framework */; };
		41333D5C1F6510920077645F /* SLUserDefaultsManager.swift in Sources */ = {isa = PBXBuildFile; fileRef = 41333D5B1F6510920077645F /* SLUserDefaultsManager.swift */; };
		4151D4D81F65290F00702202 /* ROGoogleTranslate.framework in Frameworks */ = {isa = PBXBuildFile; fileRef = 4151D4D71F65290F00702202 /* ROGoogleTranslate.framework */; };
		416530ED1F682E660014FE15 /* SLLanguages.swift in Sources */ = {isa = PBXBuildFile; fileRef = 416530EC1F682E660014FE15 /* SLLanguages.swift */; };
		416530EF1F683F460014FE15 /* SLLanguageManager.swift in Sources */ = {isa = PBXBuildFile; fileRef = 416530EE1F683F460014FE15 /* SLLanguageManager.swift */; };
		416530F11F68A0EC0014FE15 /* SLCameraManager.swift in Sources */ = {isa = PBXBuildFile; fileRef = 416530F01F68A0EC0014FE15 /* SLCameraManager.swift */; };
		41C8252F1F64C5F500CDFAEC /* AppDelegate.swift in Sources */ = {isa = PBXBuildFile; fileRef = 41C8252E1F64C5F500CDFAEC /* AppDelegate.swift */; };
		41C825341F64C5F500CDFAEC /* Main.storyboard in Resources */ = {isa = PBXBuildFile; fileRef = 41C825321F64C5F500CDFAEC /* Main.storyboard */; };
		41C825361F64C5F500CDFAEC /* Assets.xcassets in Resources */ = {isa = PBXBuildFile; fileRef = 41C825351F64C5F500CDFAEC /* Assets.xcassets */; };
		41C825391F64C5F500CDFAEC /* LaunchScreen.storyboard in Resources */ = {isa = PBXBuildFile; fileRef = 41C825371F64C5F500CDFAEC /* LaunchScreen.storyboard */; };
		41C825431F64C62800CDFAEC /* SLLogging.swift in Sources */ = {isa = PBXBuildFile; fileRef = 41C825411F64C62800CDFAEC /* SLLogging.swift */; };
		41C825441F64C62800CDFAEC /* SLNotifications.swift in Sources */ = {isa = PBXBuildFile; fileRef = 41C825421F64C62800CDFAEC /* SLNotifications.swift */; };
		41C8254B1F64CDFF00CDFAEC /* GVRequestManager.swift in Sources */ = {isa = PBXBuildFile; fileRef = 41C8254A1F64CDFF00CDFAEC /* GVRequestManager.swift */; };
		41F43BD61F68D3B700C10B1D /* LanguagePickerViewController.swift in Sources */ = {isa = PBXBuildFile; fileRef = 41F43BD21F68D3B700C10B1D /* LanguagePickerViewController.swift */; };
		41F43BD71F68D3B700C10B1D /* ObjectDetailViewController.swift in Sources */ = {isa = PBXBuildFile; fileRef = 41F43BD31F68D3B700C10B1D /* ObjectDetailViewController.swift */; };
		41F43BD81F68D3B700C10B1D /* ObjectViewController.swift in Sources */ = {isa = PBXBuildFile; fileRef = 41F43BD41F68D3B700C10B1D /* ObjectViewController.swift */; };
		41F43BD91F68D3B700C10B1D /* SnapViewController.swift in Sources */ = {isa = PBXBuildFile; fileRef = 41F43BD51F68D3B700C10B1D /* SnapViewController.swift */; };
		41F43BDB1F68DD6000C10B1D /* Podfile in Resources */ = {isa = PBXBuildFile; fileRef = 41F43BDA1F68DD6000C10B1D /* Podfile */; };
		8596D88D4F7F0837ED32C2E8 /* Pods_snaplingua_ios.framework in Frameworks */ = {isa = PBXBuildFile; fileRef = 4AC1C875D9CB65079168E289 /* Pods_snaplingua_ios.framework */; };
/* End PBXBuildFile section */

/* Begin PBXFileReference section */
		41333D591F64DF4F0077645F /* SwiftyJSON.framework */ = {isa = PBXFileReference; lastKnownFileType = wrapper.framework; name = SwiftyJSON.framework; path = "../../Library/Developer/Xcode/DerivedData/snaplingua-ios-bfmxmyzvdhbpqqarnjxppxsjnfvw/Build/Products/Debug-iphoneos/SwiftyJSON/SwiftyJSON.framework"; sourceTree = "<group>"; };
		41333D5B1F6510920077645F /* SLUserDefaultsManager.swift */ = {isa = PBXFileReference; fileEncoding = 4; lastKnownFileType = sourcecode.swift; path = SLUserDefaultsManager.swift; sourceTree = "<group>"; };
		4151D4D71F65290F00702202 /* ROGoogleTranslate.framework */ = {isa = PBXFileReference; lastKnownFileType = wrapper.framework; name = ROGoogleTranslate.framework; path = "../../Library/Developer/Xcode/DerivedData/snaplingua-ios-bfmxmyzvdhbpqqarnjxppxsjnfvw/Build/Products/Debug-iphoneos/ROGoogleTranslate/ROGoogleTranslate.framework"; sourceTree = "<group>"; };
		416530EC1F682E660014FE15 /* SLLanguages.swift */ = {isa = PBXFileReference; fileEncoding = 4; lastKnownFileType = sourcecode.swift; name = SLLanguages.swift; path = ../Managers/SLLanguages.swift; sourceTree = "<group>"; };
		416530EE1F683F460014FE15 /* SLLanguageManager.swift */ = {isa = PBXFileReference; fileEncoding = 4; lastKnownFileType = sourcecode.swift; path = SLLanguageManager.swift; sourceTree = "<group>"; };
		416530F01F68A0EC0014FE15 /* SLCameraManager.swift */ = {isa = PBXFileReference; fileEncoding = 4; lastKnownFileType = sourcecode.swift; path = SLCameraManager.swift; sourceTree = "<group>"; };
		41C8252B1F64C5F500CDFAEC /* snaplingua-ios.app */ = {isa = PBXFileReference; explicitFileType = wrapper.application; includeInIndex = 0; path = "snaplingua-ios.app"; sourceTree = BUILT_PRODUCTS_DIR; };
		41C8252E1F64C5F500CDFAEC /* AppDelegate.swift */ = {isa = PBXFileReference; lastKnownFileType = sourcecode.swift; path = AppDelegate.swift; sourceTree = "<group>"; };
		41C825331F64C5F500CDFAEC /* Base */ = {isa = PBXFileReference; lastKnownFileType = file.storyboard; name = Base; path = Base.lproj/Main.storyboard; sourceTree = "<group>"; };
		41C825351F64C5F500CDFAEC /* Assets.xcassets */ = {isa = PBXFileReference; lastKnownFileType = folder.assetcatalog; path = Assets.xcassets; sourceTree = "<group>"; };
		41C825381F64C5F500CDFAEC /* Base */ = {isa = PBXFileReference; lastKnownFileType = file.storyboard; name = Base; path = Base.lproj/LaunchScreen.storyboard; sourceTree = "<group>"; };
		41C8253A1F64C5F500CDFAEC /* Info.plist */ = {isa = PBXFileReference; lastKnownFileType = text.plist.xml; path = Info.plist; sourceTree = "<group>"; };
		41C825411F64C62800CDFAEC /* SLLogging.swift */ = {isa = PBXFileReference; fileEncoding = 4; lastKnownFileType = sourcecode.swift; path = SLLogging.swift; sourceTree = "<group>"; };
		41C825421F64C62800CDFAEC /* SLNotifications.swift */ = {isa = PBXFileReference; fileEncoding = 4; lastKnownFileType = sourcecode.swift; path = SLNotifications.swift; sourceTree = "<group>"; };
		41C8254A1F64CDFF00CDFAEC /* GVRequestManager.swift */ = {isa = PBXFileReference; fileEncoding = 4; lastKnownFileType = sourcecode.swift; path = GVRequestManager.swift; sourceTree = "<group>"; };
		41F43BD21F68D3B700C10B1D /* LanguagePickerViewController.swift */ = {isa = PBXFileReference; fileEncoding = 4; lastKnownFileType = sourcecode.swift; path = LanguagePickerViewController.swift; sourceTree = "<group>"; };
		41F43BD31F68D3B700C10B1D /* ObjectDetailViewController.swift */ = {isa = PBXFileReference; fileEncoding = 4; lastKnownFileType = sourcecode.swift; path = ObjectDetailViewController.swift; sourceTree = "<group>"; };
		41F43BD41F68D3B700C10B1D /* ObjectViewController.swift */ = {isa = PBXFileReference; fileEncoding = 4; lastKnownFileType = sourcecode.swift; path = ObjectViewController.swift; sourceTree = "<group>"; };
		41F43BD51F68D3B700C10B1D /* SnapViewController.swift */ = {isa = PBXFileReference; fileEncoding = 4; lastKnownFileType = sourcecode.swift; path = SnapViewController.swift; sourceTree = "<group>"; };
		41F43BDA1F68DD6000C10B1D /* Podfile */ = {isa = PBXFileReference; fileEncoding = 4; lastKnownFileType = text; path = Podfile; sourceTree = SOURCE_ROOT; };
		4AC1C875D9CB65079168E289 /* Pods_snaplingua_ios.framework */ = {isa = PBXFileReference; explicitFileType = wrapper.framework; includeInIndex = 0; path = Pods_snaplingua_ios.framework; sourceTree = BUILT_PRODUCTS_DIR; };
		B77CC29634B946DE10D8AE9B /* Pods-snaplingua-ios.debug.xcconfig */ = {isa = PBXFileReference; includeInIndex = 1; lastKnownFileType = text.xcconfig; name = "Pods-snaplingua-ios.debug.xcconfig"; path = "Pods/Target Support Files/Pods-snaplingua-ios/Pods-snaplingua-ios.debug.xcconfig"; sourceTree = "<group>"; };
		D30FA217A0E8875322F9B878 /* Pods-snaplingua-ios.release.xcconfig */ = {isa = PBXFileReference; includeInIndex = 1; lastKnownFileType = text.xcconfig; name = "Pods-snaplingua-ios.release.xcconfig"; path = "Pods/Target Support Files/Pods-snaplingua-ios/Pods-snaplingua-ios.release.xcconfig"; sourceTree = "<group>"; };
/* End PBXFileReference section */

/* Begin PBXFrameworksBuildPhase section */
		41C825281F64C5F500CDFAEC /* Frameworks */ = {
			isa = PBXFrameworksBuildPhase;
			buildActionMask = 2147483647;
			files = (
				4151D4D81F65290F00702202 /* ROGoogleTranslate.framework in Frameworks */,
				41333D5A1F64DF4F0077645F /* SwiftyJSON.framework in Frameworks */,
				8596D88D4F7F0837ED32C2E8 /* Pods_snaplingua_ios.framework in Frameworks */,
			);
			runOnlyForDeploymentPostprocessing = 0;
		};
/* End PBXFrameworksBuildPhase section */

/* Begin PBXGroup section */
		41C825221F64C5F500CDFAEC = {
			isa = PBXGroup;
			children = (
				41C8252D1F64C5F500CDFAEC /* snaplingua-ios */,
				41C8252C1F64C5F500CDFAEC /* Products */,
				84439E6917D6E56524FD5772 /* Pods */,
				C6D2BC3DE9AA05F4FBD7845A /* Frameworks */,
			);
			sourceTree = "<group>";
		};
		41C8252C1F64C5F500CDFAEC /* Products */ = {
			isa = PBXGroup;
			children = (
				41C8252B1F64C5F500CDFAEC /* snaplingua-ios.app */,
			);
			name = Products;
			sourceTree = "<group>";
		};
		41C8252D1F64C5F500CDFAEC /* snaplingua-ios */ = {
			isa = PBXGroup;
			children = (
				41C8252E1F64C5F500CDFAEC /* AppDelegate.swift */,
				41C825401F64C62800CDFAEC /* Utils */,
				41C825491F64CDDE00CDFAEC /* Managers */,
				41F43BD11F68D3B700C10B1D /* Screens */,
				41C825321F64C5F500CDFAEC /* Main.storyboard */,
				41C825351F64C5F500CDFAEC /* Assets.xcassets */,
				41C825371F64C5F500CDFAEC /* LaunchScreen.storyboard */,
				41C8253A1F64C5F500CDFAEC /* Info.plist */,
				41F43BDA1F68DD6000C10B1D /* Podfile */,
			);
			path = "snaplingua-ios";
			sourceTree = "<group>";
		};
		41C825401F64C62800CDFAEC /* Utils */ = {
			isa = PBXGroup;
			children = (
				41C825411F64C62800CDFAEC /* SLLogging.swift */,
				41C825421F64C62800CDFAEC /* SLNotifications.swift */,
				416530EC1F682E660014FE15 /* SLLanguages.swift */,
			);
			path = Utils;
			sourceTree = "<group>";
		};
		41C825491F64CDDE00CDFAEC /* Managers */ = {
			isa = PBXGroup;
			children = (
				41C8254A1F64CDFF00CDFAEC /* GVRequestManager.swift */,
				41333D5B1F6510920077645F /* SLUserDefaultsManager.swift */,
				416530EE1F683F460014FE15 /* SLLanguageManager.swift */,
				416530F01F68A0EC0014FE15 /* SLCameraManager.swift */,
			);
			path = Managers;
			sourceTree = "<group>";
		};
		41F43BD11F68D3B700C10B1D /* Screens */ = {
			isa = PBXGroup;
			children = (
				41F43BD21F68D3B700C10B1D /* LanguagePickerViewController.swift */,
				41F43BD31F68D3B700C10B1D /* ObjectDetailViewController.swift */,
				41F43BD41F68D3B700C10B1D /* ObjectViewController.swift */,
				41F43BD51F68D3B700C10B1D /* SnapViewController.swift */,
			);
			path = Screens;
			sourceTree = "<group>";
		};
		84439E6917D6E56524FD5772 /* Pods */ = {
			isa = PBXGroup;
			children = (
				B77CC29634B946DE10D8AE9B /* Pods-snaplingua-ios.debug.xcconfig */,
				D30FA217A0E8875322F9B878 /* Pods-snaplingua-ios.release.xcconfig */,
			);
			name = Pods;
			sourceTree = "<group>";
		};
		C6D2BC3DE9AA05F4FBD7845A /* Frameworks */ = {
			isa = PBXGroup;
			children = (
				4151D4D71F65290F00702202 /* ROGoogleTranslate.framework */,
				41333D591F64DF4F0077645F /* SwiftyJSON.framework */,
				4AC1C875D9CB65079168E289 /* Pods_snaplingua_ios.framework */,
			);
			name = Frameworks;
			sourceTree = "<group>";
		};
/* End PBXGroup section */

/* Begin PBXNativeTarget section */
		41C8252A1F64C5F500CDFAEC /* snaplingua-ios */ = {
			isa = PBXNativeTarget;
			buildConfigurationList = 41C8253D1F64C5F500CDFAEC /* Build configuration list for PBXNativeTarget "snaplingua-ios" */;
			buildPhases = (
				5C275286C6F31BFF9F4EFA09 /* [CP] Check Pods Manifest.lock */,
				41C825271F64C5F500CDFAEC /* Sources */,
				41C825281F64C5F500CDFAEC /* Frameworks */,
				41C825291F64C5F500CDFAEC /* Resources */,
				7BB8AF2E01299ABF22059FAB /* [CP] Embed Pods Frameworks */,
				97C40FFFB5AD677D98F0E7D2 /* [CP] Copy Pods Resources */,
			);
			buildRules = (
			);
			dependencies = (
			);
			name = "snaplingua-ios";
			productName = "snaplingua-ios";
			productReference = 41C8252B1F64C5F500CDFAEC /* snaplingua-ios.app */;
			productType = "com.apple.product-type.application";
		};
/* End PBXNativeTarget section */

/* Begin PBXProject section */
		41C825231F64C5F500CDFAEC /* Project object */ = {
			isa = PBXProject;
			attributes = {
				LastSwiftUpdateCheck = 0830;
				LastUpgradeCheck = 0830;
				ORGANIZATIONNAME = SnapLingua;
				TargetAttributes = {
					41C8252A1F64C5F500CDFAEC = {
						CreatedOnToolsVersion = 8.3.3;
						DevelopmentTeam = 8EV5JNYZS7;
						ProvisioningStyle = Automatic;
					};
				};
			};
			buildConfigurationList = 41C825261F64C5F500CDFAEC /* Build configuration list for PBXProject "snaplingua-ios" */;
			compatibilityVersion = "Xcode 3.2";
			developmentRegion = English;
			hasScannedForEncodings = 0;
			knownRegions = (
				en,
				Base,
			);
			mainGroup = 41C825221F64C5F500CDFAEC;
			productRefGroup = 41C8252C1F64C5F500CDFAEC /* Products */;
			projectDirPath = "";
			projectRoot = "";
			targets = (
				41C8252A1F64C5F500CDFAEC /* snaplingua-ios */,
			);
		};
/* End PBXProject section */

/* Begin PBXResourcesBuildPhase section */
		41C825291F64C5F500CDFAEC /* Resources */ = {
			isa = PBXResourcesBuildPhase;
			buildActionMask = 2147483647;
			files = (
				41C825391F64C5F500CDFAEC /* LaunchScreen.storyboard in Resources */,
				41C825361F64C5F500CDFAEC /* Assets.xcassets in Resources */,
				41F43BDB1F68DD6000C10B1D /* Podfile in Resources */,
				41C825341F64C5F500CDFAEC /* Main.storyboard in Resources */,
			);
			runOnlyForDeploymentPostprocessing = 0;
		};
/* End PBXResourcesBuildPhase section */

/* Begin PBXShellScriptBuildPhase section */
		5C275286C6F31BFF9F4EFA09 /* [CP] Check Pods Manifest.lock */ = {
			isa = PBXShellScriptBuildPhase;
			buildActionMask = 2147483647;
			files = (
			);
			inputPaths = (
				"${PODS_PODFILE_DIR_PATH}/Podfile.lock",
				"${PODS_ROOT}/Manifest.lock",
			);
			name = "[CP] Check Pods Manifest.lock";
			outputPaths = (
				"$(DERIVED_FILE_DIR)/Pods-snaplingua-ios-checkManifestLockResult.txt",
			);
			runOnlyForDeploymentPostprocessing = 0;
			shellPath = /bin/sh;
			shellScript = "diff \"${PODS_PODFILE_DIR_PATH}/Podfile.lock\" \"${PODS_ROOT}/Manifest.lock\" > /dev/null\nif [ $? != 0 ] ; then\n    # print error to STDERR\n    echo \"error: The sandbox is not in sync with the Podfile.lock. Run 'pod install' or update your CocoaPods installation.\" >&2\n    exit 1\nfi\n# This output is used by Xcode 'outputs' to avoid re-running this script phase.\necho \"SUCCESS\" > \"${SCRIPT_OUTPUT_FILE_0}\"\n";
			showEnvVarsInLog = 0;
		};
		7BB8AF2E01299ABF22059FAB /* [CP] Embed Pods Frameworks */ = {
			isa = PBXShellScriptBuildPhase;
			buildActionMask = 2147483647;
			files = (
			);
			inputPaths = (
				"${SRCROOT}/Pods/Target Support Files/Pods-snaplingua-ios/Pods-snaplingua-ios-frameworks.sh",
				"${BUILT_PRODUCTS_DIR}/Hero/Hero.framework",
				"${BUILT_PRODUCTS_DIR}/ROGoogleTranslate/ROGoogleTranslate.framework",
				"${BUILT_PRODUCTS_DIR}/SwiftyJSON/SwiftyJSON.framework",
			);
			name = "[CP] Embed Pods Frameworks";
			outputPaths = (
				"${TARGET_BUILD_DIR}/${FRAMEWORKS_FOLDER_PATH}/Hero.framework",
				"${TARGET_BUILD_DIR}/${FRAMEWORKS_FOLDER_PATH}/ROGoogleTranslate.framework",
				"${TARGET_BUILD_DIR}/${FRAMEWORKS_FOLDER_PATH}/SwiftyJSON.framework",
			);
			runOnlyForDeploymentPostprocessing = 0;
			shellPath = /bin/sh;
			shellScript = "\"${SRCROOT}/Pods/Target Support Files/Pods-snaplingua-ios/Pods-snaplingua-ios-frameworks.sh\"\n";
			showEnvVarsInLog = 0;
		};
		97C40FFFB5AD677D98F0E7D2 /* [CP] Copy Pods Resources */ = {
			isa = PBXShellScriptBuildPhase;
			buildActionMask = 2147483647;
			files = (
			);
			inputPaths = (
			);
			name = "[CP] Copy Pods Resources";
			outputPaths = (
			);
			runOnlyForDeploymentPostprocessing = 0;
			shellPath = /bin/sh;
			shellScript = "\"${SRCROOT}/Pods/Target Support Files/Pods-snaplingua-ios/Pods-snaplingua-ios-resources.sh\"\n";
			showEnvVarsInLog = 0;
		};
/* End PBXShellScriptBuildPhase section */

/* Begin PBXSourcesBuildPhase section */
		41C825271F64C5F500CDFAEC /* Sources */ = {
			isa = PBXSourcesBuildPhase;
			buildActionMask = 2147483647;
			files = (
				416530ED1F682E660014FE15 /* SLLanguages.swift in Sources */,
				41F43BD91F68D3B700C10B1D /* SnapViewController.swift in Sources */,
				41F43BD61F68D3B700C10B1D /* LanguagePickerViewController.swift in Sources */,
				41F43BD71F68D3B700C10B1D /* ObjectDetailViewController.swift in Sources */,
				41C825441F64C62800CDFAEC /* SLNotifications.swift in Sources */,
				41333D5C1F6510920077645F /* SLUserDefaultsManager.swift in Sources */,
				41C8252F1F64C5F500CDFAEC /* AppDelegate.swift in Sources */,
				416530F11F68A0EC0014FE15 /* SLCameraManager.swift in Sources */,
				41F43BD81F68D3B700C10B1D /* ObjectViewController.swift in Sources */,
				416530EF1F683F460014FE15 /* SLLanguageManager.swift in Sources */,
				41C8254B1F64CDFF00CDFAEC /* GVRequestManager.swift in Sources */,
				41C825431F64C62800CDFAEC /* SLLogging.swift in Sources */,
			);
			runOnlyForDeploymentPostprocessing = 0;
		};
/* End PBXSourcesBuildPhase section */

/* Begin PBXVariantGroup section */
		41C825321F64C5F500CDFAEC /* Main.storyboard */ = {
			isa = PBXVariantGroup;
			children = (
				41C825331F64C5F500CDFAEC /* Base */,
			);
			name = Main.storyboard;
			sourceTree = "<group>";
		};
		41C825371F64C5F500CDFAEC /* LaunchScreen.storyboard */ = {
			isa = PBXVariantGroup;
			children = (
				41C825381F64C5F500CDFAEC /* Base */,
			);
			name = LaunchScreen.storyboard;
			sourceTree = "<group>";
		};
/* End PBXVariantGroup section */

/* Begin XCBuildConfiguration section */
		41C8253B1F64C5F500CDFAEC /* Debug */ = {
			isa = XCBuildConfiguration;
			buildSettings = {
				ALWAYS_SEARCH_USER_PATHS = NO;
				CLANG_ANALYZER_NONNULL = YES;
				CLANG_ANALYZER_NUMBER_OBJECT_CONVERSION = YES_AGGRESSIVE;
				CLANG_CXX_LANGUAGE_STANDARD = "gnu++0x";
				CLANG_CXX_LIBRARY = "libc++";
				CLANG_ENABLE_MODULES = YES;
				CLANG_ENABLE_OBJC_ARC = YES;
				CLANG_WARN_BOOL_CONVERSION = YES;
				CLANG_WARN_CONSTANT_CONVERSION = YES;
				CLANG_WARN_DIRECT_OBJC_ISA_USAGE = YES_ERROR;
				CLANG_WARN_DOCUMENTATION_COMMENTS = YES;
				CLANG_WARN_EMPTY_BODY = YES;
				CLANG_WARN_ENUM_CONVERSION = YES;
				CLANG_WARN_INFINITE_RECURSION = YES;
				CLANG_WARN_INT_CONVERSION = YES;
				CLANG_WARN_OBJC_ROOT_CLASS = YES_ERROR;
				CLANG_WARN_SUSPICIOUS_MOVE = YES;
				CLANG_WARN_UNREACHABLE_CODE = YES;
				CLANG_WARN__DUPLICATE_METHOD_MATCH = YES;
				"CODE_SIGN_IDENTITY[sdk=iphoneos*]" = "iPhone Developer";
				COPY_PHASE_STRIP = NO;
				DEBUG_INFORMATION_FORMAT = dwarf;
				ENABLE_STRICT_OBJC_MSGSEND = YES;
				ENABLE_TESTABILITY = YES;
				GCC_C_LANGUAGE_STANDARD = gnu99;
				GCC_DYNAMIC_NO_PIC = NO;
				GCC_NO_COMMON_BLOCKS = YES;
				GCC_OPTIMIZATION_LEVEL = 0;
				GCC_PREPROCESSOR_DEFINITIONS = (
					"DEBUG=1",
					"$(inherited)",
				);
				GCC_WARN_64_TO_32_BIT_CONVERSION = YES;
				GCC_WARN_ABOUT_RETURN_TYPE = YES_ERROR;
				GCC_WARN_UNDECLARED_SELECTOR = YES;
				GCC_WARN_UNINITIALIZED_AUTOS = YES_AGGRESSIVE;
				GCC_WARN_UNUSED_FUNCTION = YES;
				GCC_WARN_UNUSED_VARIABLE = YES;
				IPHONEOS_DEPLOYMENT_TARGET = 10.3;
				MTL_ENABLE_DEBUG_INFO = YES;
				ONLY_ACTIVE_ARCH = YES;
				SDKROOT = iphoneos;
				SWIFT_ACTIVE_COMPILATION_CONDITIONS = DEBUG;
				SWIFT_OPTIMIZATION_LEVEL = "-Onone";
			};
			name = Debug;
		};
		41C8253C1F64C5F500CDFAEC /* Release */ = {
			isa = XCBuildConfiguration;
			buildSettings = {
				ALWAYS_SEARCH_USER_PATHS = NO;
				CLANG_ANALYZER_NONNULL = YES;
				CLANG_ANALYZER_NUMBER_OBJECT_CONVERSION = YES_AGGRESSIVE;
				CLANG_CXX_LANGUAGE_STANDARD = "gnu++0x";
				CLANG_CXX_LIBRARY = "libc++";
				CLANG_ENABLE_MODULES = YES;
				CLANG_ENABLE_OBJC_ARC = YES;
				CLANG_WARN_BOOL_CONVERSION = YES;
				CLANG_WARN_CONSTANT_CONVERSION = YES;
				CLANG_WARN_DIRECT_OBJC_ISA_USAGE = YES_ERROR;
				CLANG_WARN_DOCUMENTATION_COMMENTS = YES;
				CLANG_WARN_EMPTY_BODY = YES;
				CLANG_WARN_ENUM_CONVERSION = YES;
				CLANG_WARN_INFINITE_RECURSION = YES;
				CLANG_WARN_INT_CONVERSION = YES;
				CLANG_WARN_OBJC_ROOT_CLASS = YES_ERROR;
				CLANG_WARN_SUSPICIOUS_MOVE = YES;
				CLANG_WARN_UNREACHABLE_CODE = YES;
				CLANG_WARN__DUPLICATE_METHOD_MATCH = YES;
				"CODE_SIGN_IDENTITY[sdk=iphoneos*]" = "iPhone Developer";
				COPY_PHASE_STRIP = NO;
				DEBUG_INFORMATION_FORMAT = "dwarf-with-dsym";
				ENABLE_NS_ASSERTIONS = NO;
				ENABLE_STRICT_OBJC_MSGSEND = YES;
				GCC_C_LANGUAGE_STANDARD = gnu99;
				GCC_NO_COMMON_BLOCKS = YES;
				GCC_WARN_64_TO_32_BIT_CONVERSION = YES;
				GCC_WARN_ABOUT_RETURN_TYPE = YES_ERROR;
				GCC_WARN_UNDECLARED_SELECTOR = YES;
				GCC_WARN_UNINITIALIZED_AUTOS = YES_AGGRESSIVE;
				GCC_WARN_UNUSED_FUNCTION = YES;
				GCC_WARN_UNUSED_VARIABLE = YES;
				IPHONEOS_DEPLOYMENT_TARGET = 10.3;
				MTL_ENABLE_DEBUG_INFO = NO;
				SDKROOT = iphoneos;
				SWIFT_OPTIMIZATION_LEVEL = "-Owholemodule";
				VALIDATE_PRODUCT = YES;
			};
			name = Release;
		};
		41C8253E1F64C5F500CDFAEC /* Debug */ = {
			isa = XCBuildConfiguration;
			baseConfigurationReference = B77CC29634B946DE10D8AE9B /* Pods-snaplingua-ios.debug.xcconfig */;
			buildSettings = {
				ASSETCATALOG_COMPILER_APPICON_NAME = AppIcon;
				DEVELOPMENT_TEAM = 8EV5JNYZS7;
				INFOPLIST_FILE = "snaplingua-ios/Info.plist";
				IPHONEOS_DEPLOYMENT_TARGET = 10.1;
				LD_RUNPATH_SEARCH_PATHS = "$(inherited) @executable_path/Frameworks";
				PRODUCT_BUNDLE_IDENTIFIER = "com.snaplingua.snaplingua-ios";
				PRODUCT_NAME = "$(TARGET_NAME)";
				SWIFT_VERSION = 3.0;
			};
			name = Debug;
		};
		41C8253F1F64C5F500CDFAEC /* Release */ = {
			isa = XCBuildConfiguration;
			baseConfigurationReference = D30FA217A0E8875322F9B878 /* Pods-snaplingua-ios.release.xcconfig */;
			buildSettings = {
				ASSETCATALOG_COMPILER_APPICON_NAME = AppIcon;
				DEVELOPMENT_TEAM = 8EV5JNYZS7;
				INFOPLIST_FILE = "snaplingua-ios/Info.plist";
				IPHONEOS_DEPLOYMENT_TARGET = 10.1;
				LD_RUNPATH_SEARCH_PATHS = "$(inherited) @executable_path/Frameworks";
				PRODUCT_BUNDLE_IDENTIFIER = "com.snaplingua.snaplingua-ios";
				PRODUCT_NAME = "$(TARGET_NAME)";
				SWIFT_VERSION = 3.0;
			};
			name = Release;
		};
/* End XCBuildConfiguration section */

/* Begin XCConfigurationList section */
		41C825261F64C5F500CDFAEC /* Build configuration list for PBXProject "snaplingua-ios" */ = {
			isa = XCConfigurationList;
			buildConfigurations = (
				41C8253B1F64C5F500CDFAEC /* Debug */,
				41C8253C1F64C5F500CDFAEC /* Release */,
			);
			defaultConfigurationIsVisible = 0;
			defaultConfigurationName = Release;
		};
		41C8253D1F64C5F500CDFAEC /* Build configuration list for PBXNativeTarget "snaplingua-ios" */ = {
			isa = XCConfigurationList;
			buildConfigurations = (
				41C8253E1F64C5F500CDFAEC /* Debug */,
				41C8253F1F64C5F500CDFAEC /* Release */,
			);
			defaultConfigurationIsVisible = 0;
			defaultConfigurationName = Release;
		};
/* End XCConfigurationList section */
	};
	rootObject = 41C825231F64C5F500CDFAEC /* Project object */;
}
